
Microsoft Visual Studio Solution File, Format Version 12.00
# Visual Studio Version 16
VisualStudioVersion = 16.0.30523.141
MinimumVisualStudioVersion = 10.0.40219.1
Project("{FAE04EC0-301F-11D3-BF4B-00C04F79EFBC}") = "Conversions", "Conversions.csproj", "{5F37CC47-0E69-401F-8CE2-866011D6816C}"
EndProject
Global
	GlobalSection(SolutionConfigurationPlatforms) = preSolution
		Debug|Any CPU = Debug|Any CPU
		Release|Any CPU = Release|Any CPU
	EndGlobalSection
	GlobalSection(ProjectConfigurationPlatforms) = postSolution
		{5F37CC47-0E69-401F-8CE2-866011D6816C}.Debug|Any CPU.ActiveCfg = Debug|Any CPU
		{5F37CC47-0E69-401F-8CE2-866011D6816C}.Debug|Any CPU.Build.0 = Debug|Any CPU
		{5F37CC47-0E69-401F-8CE2-866011D6816C}.Release|Any CPU.ActiveCfg = Release|Any CPU
		{5F37CC47-0E69-401F-8CE2-866011D6816C}.Release|Any CPU.Build.0 = Release|Any CPU
	EndGlobalSection
	GlobalSection(SolutionProperties) = preSolution
		HideSolutionNode = FALSE
	EndGlobalSection
	GlobalSection(ExtensibilityGlobals) = postSolution
		SolutionGuid = {79FD70F0-85E0-47CB-8245-C2B053BC78E6}
	EndGlobalSection
EndGlobal
