
Microsoft Visual Studio Solution File, Format Version 12.00
# Visual Studio Version 16
VisualStudioVersion = 16.0.30523.141
MinimumVisualStudioVersion = 10.0.40219.1
Project("{FAE04EC0-301F-11D3-BF4B-00C04F79EFBC}") = "Moore", "Moore.csproj", "{1DD099B7-647B-4D3B-AF92-55E743C5ADB1}"
EndProject
Global
	GlobalSection(SolutionConfigurationPlatforms) = preSolution
		Debug|Any CPU = Debug|Any CPU
		Release|Any CPU = Release|Any CPU
	EndGlobalSection
	GlobalSection(ProjectConfigurationPlatforms) = postSolution
		{1DD099B7-647B-4D3B-AF92-55E743C5ADB1}.Debug|Any CPU.ActiveCfg = Debug|Any CPU
		{1DD099B7-647B-4D3B-AF92-55E743C5ADB1}.Debug|Any CPU.Build.0 = Debug|Any CPU
		{1DD099B7-647B-4D3B-AF92-55E743C5ADB1}.Release|Any CPU.ActiveCfg = Release|Any CPU
		{1DD099B7-647B-4D3B-AF92-55E743C5ADB1}.Release|Any CPU.Build.0 = Release|Any CPU
	EndGlobalSection
	GlobalSection(SolutionProperties) = preSolution
		HideSolutionNode = FALSE
	EndGlobalSection
	GlobalSection(ExtensibilityGlobals) = postSolution
		SolutionGuid = {EB5D5140-E384-45A9-B0C3-988EF84CC93C}
	EndGlobalSection
EndGlobal
